
Microsoft Visual Studio Solution File, Format Version 12.00
# Visual Studio 14
VisualStudioVersion = 14.0.25123.0
MinimumVisualStudioVersion = 10.0.40219.1
Project("{8BC9CEB8-8B4A-11D0-8D11-00A0C91BC942}") = "1-HelloAIE", "1-HelloAIE\1-HelloAIE.vcxproj", "{F0F6907D-4900-4680-B2AB-FBFF6014F81D}"
EndProject
Project("{8BC9CEB8-8B4A-11D0-8D11-00A0C91BC942}") = "2-Variables", "2-Variables\2-Variables.vcxproj", "{C48A1769-98C2-4FBE-8EA2-E9A9071B8A7B}"
EndProject
Project("{8BC9CEB8-8B4A-11D0-8D11-00A0C91BC942}") = "3-Conditionals", "3-Conditionals\3-Conditionals.vcxproj", "{2921C466-ADCF-4930-B141-EB942748C1A7}"
EndProject
Project("{8BC9CEB8-8B4A-11D0-8D11-00A0C91BC942}") = "4-Functions_and_Breakpoints", "4-Functions_and_Breakpoints\4-Functions_and_Breakpoints.vcxproj", "{314CC607-02D0-4562-AAB0-3DA0B6B6C4E9}"
EndProject
Project("{8BC9CEB8-8B4A-11D0-8D11-00A0C91BC942}") = "5-Multi-File_Projects", "5-Multi-File_Projects\5-Multi-File_Projects.vcxproj", "{86469275-342F-482D-A31A-CB47322DC10C}"
EndProject
Project("{8BC9CEB8-8B4A-11D0-8D11-00A0C91BC942}") = "6-Loops", "6-Loops\6-Loops.vcxproj", "{030951AC-83BF-4E16-B59E-1FBB2839747D}"
EndProject
Project("{8BC9CEB8-8B4A-11D0-8D11-00A0C91BC942}") = "7-Arrays", "7-Arrays\7-Arrays.vcxproj", "{F5B80C69-7EF6-4227-9746-EE89F489EF3D}"
EndProject
Project("{8BC9CEB8-8B4A-11D0-8D11-00A0C91BC942}") = "8-Structs and Plain Old Data", "8-Structs and Plain Old Data\8-Structs and Plain Old Data.vcxproj", "{06394182-E743-4047-8820-FBF03A27E1EB}"
EndProject
Project("{8BC9CEB8-8B4A-11D0-8D11-00A0C91BC942}") = "9-App_State_Development", "9-App_State_Development\9-App_State_Development.vcxproj", "{619A4923-7701-4466-8C1C-C9B066432258}"
EndProject
Project("{8BC9CEB8-8B4A-11D0-8D11-00A0C91BC942}") = "11-Cstrings1", "11-Cstrings1\11-Cstrings1.vcxproj", "{B900F2B2-8415-4256-8107-60711B5B24D4}"
EndProject
Global
	GlobalSection(SolutionConfigurationPlatforms) = preSolution
		Debug|x64 = Debug|x64
		Debug|x86 = Debug|x86
		Release|x64 = Release|x64
		Release|x86 = Release|x86
	EndGlobalSection
	GlobalSection(ProjectConfigurationPlatforms) = postSolution
		{F0F6907D-4900-4680-B2AB-FBFF6014F81D}.Debug|x64.ActiveCfg = Debug|x64
		{F0F6907D-4900-4680-B2AB-FBFF6014F81D}.Debug|x64.Build.0 = Debug|x64
		{F0F6907D-4900-4680-B2AB-FBFF6014F81D}.Debug|x86.ActiveCfg = Debug|Win32
		{F0F6907D-4900-4680-B2AB-FBFF6014F81D}.Debug|x86.Build.0 = Debug|Win32
		{F0F6907D-4900-4680-B2AB-FBFF6014F81D}.Release|x64.ActiveCfg = Release|x64
		{F0F6907D-4900-4680-B2AB-FBFF6014F81D}.Release|x64.Build.0 = Release|x64
		{F0F6907D-4900-4680-B2AB-FBFF6014F81D}.Release|x86.ActiveCfg = Release|Win32
		{F0F6907D-4900-4680-B2AB-FBFF6014F81D}.Release|x86.Build.0 = Release|Win32
		{C48A1769-98C2-4FBE-8EA2-E9A9071B8A7B}.Debug|x64.ActiveCfg = Debug|x64
		{C48A1769-98C2-4FBE-8EA2-E9A9071B8A7B}.Debug|x64.Build.0 = Debug|x64
		{C48A1769-98C2-4FBE-8EA2-E9A9071B8A7B}.Debug|x86.ActiveCfg = Debug|Win32
		{C48A1769-98C2-4FBE-8EA2-E9A9071B8A7B}.Debug|x86.Build.0 = Debug|Win32
		{C48A1769-98C2-4FBE-8EA2-E9A9071B8A7B}.Release|x64.ActiveCfg = Release|x64
		{C48A1769-98C2-4FBE-8EA2-E9A9071B8A7B}.Release|x64.Build.0 = Release|x64
		{C48A1769-98C2-4FBE-8EA2-E9A9071B8A7B}.Release|x86.ActiveCfg = Release|Win32
		{C48A1769-98C2-4FBE-8EA2-E9A9071B8A7B}.Release|x86.Build.0 = Release|Win32
		{2921C466-ADCF-4930-B141-EB942748C1A7}.Debug|x64.ActiveCfg = Debug|x64
		{2921C466-ADCF-4930-B141-EB942748C1A7}.Debug|x64.Build.0 = Debug|x64
		{2921C466-ADCF-4930-B141-EB942748C1A7}.Debug|x86.ActiveCfg = Debug|Win32
		{2921C466-ADCF-4930-B141-EB942748C1A7}.Debug|x86.Build.0 = Debug|Win32
		{2921C466-ADCF-4930-B141-EB942748C1A7}.Release|x64.ActiveCfg = Release|x64
		{2921C466-ADCF-4930-B141-EB942748C1A7}.Release|x64.Build.0 = Release|x64
		{2921C466-ADCF-4930-B141-EB942748C1A7}.Release|x86.ActiveCfg = Release|Win32
		{2921C466-ADCF-4930-B141-EB942748C1A7}.Release|x86.Build.0 = Release|Win32
		{314CC607-02D0-4562-AAB0-3DA0B6B6C4E9}.Debug|x64.ActiveCfg = Debug|x64
		{314CC607-02D0-4562-AAB0-3DA0B6B6C4E9}.Debug|x64.Build.0 = Debug|x64
		{314CC607-02D0-4562-AAB0-3DA0B6B6C4E9}.Debug|x86.ActiveCfg = Debug|Win32
		{314CC607-02D0-4562-AAB0-3DA0B6B6C4E9}.Debug|x86.Build.0 = Debug|Win32
		{314CC607-02D0-4562-AAB0-3DA0B6B6C4E9}.Release|x64.ActiveCfg = Release|x64
		{314CC607-02D0-4562-AAB0-3DA0B6B6C4E9}.Release|x64.Build.0 = Release|x64
		{314CC607-02D0-4562-AAB0-3DA0B6B6C4E9}.Release|x86.ActiveCfg = Release|Win32
		{314CC607-02D0-4562-AAB0-3DA0B6B6C4E9}.Release|x86.Build.0 = Release|Win32
		{86469275-342F-482D-A31A-CB47322DC10C}.Debug|x64.ActiveCfg = Debug|x64
		{86469275-342F-482D-A31A-CB47322DC10C}.Debug|x64.Build.0 = Debug|x64
		{86469275-342F-482D-A31A-CB47322DC10C}.Debug|x86.ActiveCfg = Debug|Win32
		{86469275-342F-482D-A31A-CB47322DC10C}.Debug|x86.Build.0 = Debug|Win32
		{86469275-342F-482D-A31A-CB47322DC10C}.Release|x64.ActiveCfg = Release|x64
		{86469275-342F-482D-A31A-CB47322DC10C}.Release|x64.Build.0 = Release|x64
		{86469275-342F-482D-A31A-CB47322DC10C}.Release|x86.ActiveCfg = Release|Win32
		{86469275-342F-482D-A31A-CB47322DC10C}.Release|x86.Build.0 = Release|Win32
		{030951AC-83BF-4E16-B59E-1FBB2839747D}.Debug|x64.ActiveCfg = Debug|x64
		{030951AC-83BF-4E16-B59E-1FBB2839747D}.Debug|x64.Build.0 = Debug|x64
		{030951AC-83BF-4E16-B59E-1FBB2839747D}.Debug|x86.ActiveCfg = Debug|Win32
		{030951AC-83BF-4E16-B59E-1FBB2839747D}.Debug|x86.Build.0 = Debug|Win32
		{030951AC-83BF-4E16-B59E-1FBB2839747D}.Release|x64.ActiveCfg = Release|x64
		{030951AC-83BF-4E16-B59E-1FBB2839747D}.Release|x64.Build.0 = Release|x64
		{030951AC-83BF-4E16-B59E-1FBB2839747D}.Release|x86.ActiveCfg = Release|Win32
		{030951AC-83BF-4E16-B59E-1FBB2839747D}.Release|x86.Build.0 = Release|Win32
		{F5B80C69-7EF6-4227-9746-EE89F489EF3D}.Debug|x64.ActiveCfg = Debug|x64
		{F5B80C69-7EF6-4227-9746-EE89F489EF3D}.Debug|x64.Build.0 = Debug|x64
		{F5B80C69-7EF6-4227-9746-EE89F489EF3D}.Debug|x86.ActiveCfg = Debug|Win32
		{F5B80C69-7EF6-4227-9746-EE89F489EF3D}.Debug|x86.Build.0 = Debug|Win32
		{F5B80C69-7EF6-4227-9746-EE89F489EF3D}.Release|x64.ActiveCfg = Release|x64
		{F5B80C69-7EF6-4227-9746-EE89F489EF3D}.Release|x64.Build.0 = Release|x64
		{F5B80C69-7EF6-4227-9746-EE89F489EF3D}.Release|x86.ActiveCfg = Release|Win32
		{F5B80C69-7EF6-4227-9746-EE89F489EF3D}.Release|x86.Build.0 = Release|Win32
		{06394182-E743-4047-8820-FBF03A27E1EB}.Debug|x64.ActiveCfg = Debug|x64
		{06394182-E743-4047-8820-FBF03A27E1EB}.Debug|x64.Build.0 = Debug|x64
		{06394182-E743-4047-8820-FBF03A27E1EB}.Debug|x86.ActiveCfg = Debug|Win32
		{06394182-E743-4047-8820-FBF03A27E1EB}.Debug|x86.Build.0 = Debug|Win32
		{06394182-E743-4047-8820-FBF03A27E1EB}.Release|x64.ActiveCfg = Release|x64
		{06394182-E743-4047-8820-FBF03A27E1EB}.Release|x64.Build.0 = Release|x64
		{06394182-E743-4047-8820-FBF03A27E1EB}.Release|x86.ActiveCfg = Release|Win32
		{06394182-E743-4047-8820-FBF03A27E1EB}.Release|x86.Build.0 = Release|Win32
		{619A4923-7701-4466-8C1C-C9B066432258}.Debug|x64.ActiveCfg = Debug|x64
		{619A4923-7701-4466-8C1C-C9B066432258}.Debug|x64.Build.0 = Debug|x64
		{619A4923-7701-4466-8C1C-C9B066432258}.Debug|x86.ActiveCfg = Debug|Win32
		{619A4923-7701-4466-8C1C-C9B066432258}.Debug|x86.Build.0 = Debug|Win32
		{619A4923-7701-4466-8C1C-C9B066432258}.Release|x64.ActiveCfg = Release|x64
		{619A4923-7701-4466-8C1C-C9B066432258}.Release|x64.Build.0 = Release|x64
		{619A4923-7701-4466-8C1C-C9B066432258}.Release|x86.ActiveCfg = Release|Win32
		{619A4923-7701-4466-8C1C-C9B066432258}.Release|x86.Build.0 = Release|Win32
		{B900F2B2-8415-4256-8107-60711B5B24D4}.Debug|x64.ActiveCfg = Debug|x64
		{B900F2B2-8415-4256-8107-60711B5B24D4}.Debug|x64.Build.0 = Debug|x64
		{B900F2B2-8415-4256-8107-60711B5B24D4}.Debug|x86.ActiveCfg = Debug|Win32
		{B900F2B2-8415-4256-8107-60711B5B24D4}.Debug|x86.Build.0 = Debug|Win32
		{B900F2B2-8415-4256-8107-60711B5B24D4}.Release|x64.ActiveCfg = Release|x64
		{B900F2B2-8415-4256-8107-60711B5B24D4}.Release|x64.Build.0 = Release|x64
		{B900F2B2-8415-4256-8107-60711B5B24D4}.Release|x86.ActiveCfg = Release|Win32
		{B900F2B2-8415-4256-8107-60711B5B24D4}.Release|x86.Build.0 = Release|Win32
	EndGlobalSection
	GlobalSection(SolutionProperties) = preSolution
		HideSolutionNode = FALSE
	EndGlobalSection
EndGlobal
